
Microsoft Visual Studio Solution File, Format Version 12.00
# Visual Studio Version 17
VisualStudioVersion = 17.4.33205.214
MinimumVisualStudioVersion = 10.0.40219.1
Project("{8BC9CEB8-8B4A-11D0-8D11-00A0C91BC942}") = "Chapter01_03", "TCB_Second_Review\TCB_Second_Review.vcxproj", "{CA7F005D-728C-4758-8300-B06C329EA3D4}"
EndProject
Project("{8BC9CEB8-8B4A-11D0-8D11-00A0C91BC942}") = "Chapter01_04", "Chapter1_4\Chapter1_4.vcxproj", "{AF1479FA-CB01-44E4-A8BE-09C329C06C40}"
EndProject
Project("{8BC9CEB8-8B4A-11D0-8D11-00A0C91BC942}") = "Chapter01_05", "Chapter1_5\Chapter1_5.vcxproj", "{4EEBA72F-F1CB-4488-92FE-07470B6E1E8D}"
EndProject
Project("{8BC9CEB8-8B4A-11D0-8D11-00A0C91BC942}") = "Chapter01_06", "Chapter01_06\Chapter01_06.vcxproj", "{1D035EBD-8880-41E9-82AF-B68E535120F0}"
EndProject
Project("{8BC9CEB8-8B4A-11D0-8D11-00A0C91BC942}") = "Chapter01_07", "Chapter01_07\Chapter01_07.vcxproj", "{57D9B78B-F6C3-4A7D-87C2-09CE6AE4032A}"
EndProject
Project("{8BC9CEB8-8B4A-11D0-8D11-00A0C91BC942}") = "Chapter01_08", "Chapter01_08\Chapter01_08.vcxproj", "{6D1DE0DD-3D39-405D-A0BB-B756A48B4984}"
EndProject
Project("{8BC9CEB8-8B4A-11D0-8D11-00A0C91BC942}") = "Chapter01_09", "Chapter01_09\Chapter01_09.vcxproj", "{CA8B0FE7-7702-4068-B424-ED8062E033EF}"
EndProject
Project("{8BC9CEB8-8B4A-11D0-8D11-00A0C91BC942}") = "Chapter01_10", "Chapter01_10\Chapter01_10.vcxproj", "{DBD01BBE-9924-48CD-938B-3CAC122F044C}"
EndProject
Project("{8BC9CEB8-8B4A-11D0-8D11-00A0C91BC942}") = "Chapter01_11", "Chapter01_11\Chapter01_11.vcxproj", "{6C1D2995-916A-49B9-8D7F-DA587A25E99F}"
EndProject
Project("{8BC9CEB8-8B4A-11D0-8D11-00A0C91BC942}") = "Chapter01_12", "Chapter01_12\Chapter01_12.vcxproj", "{55666CBE-38C4-4623-BF03-548CC12E31C5}"
EndProject
Project("{8BC9CEB8-8B4A-11D0-8D11-00A0C91BC942}") = "Chapter01_13", "Chapter01_13\Chapter01_13.vcxproj", "{5B59FAAA-0CDB-4C39-B762-803934D25FC6}"
EndProject
Project("{8BC9CEB8-8B4A-11D0-8D11-00A0C91BC942}") = "Chapter01_14", "Chapter01_14\Chapter01_14.vcxproj", "{E024E31F-76BC-4AC0-BD51-AF415AD05AC6}"
EndProject
Project("{8BC9CEB8-8B4A-11D0-8D11-00A0C91BC942}") = "Chapter02_01", "Chapter02_01\Chapter02_01.vcxproj", "{3CAFB898-4B2C-4598-8434-B5FB9C5AD852}"
EndProject
Project("{8BC9CEB8-8B4A-11D0-8D11-00A0C91BC942}") = "Chapter02_02", "Chapter02_02\Chapter02_02.vcxproj", "{100F78C7-E9E0-4AC1-B84A-A5E47C64BC7D}"
EndProject
Project("{8BC9CEB8-8B4A-11D0-8D11-00A0C91BC942}") = "Chapter02_05", "Chapter02_05\Chapter02_05.vcxproj", "{8D62A3A6-D299-439F-A3A4-47A01915716C}"
EndProject
Project("{8BC9CEB8-8B4A-11D0-8D11-00A0C91BC942}") = "Chapter02_03", "Chapter02_03\Chapter02_03.vcxproj", "{37C2F409-D1CB-41E9-890C-23518097C4D2}"
EndProject
Project("{8BC9CEB8-8B4A-11D0-8D11-00A0C91BC942}") = "Chapter02_04", "Chapter02_04\Chapter02_04.vcxproj", "{75485603-4259-4682-B7AF-C7C0785AF9B0}"
EndProject
Project("{8BC9CEB8-8B4A-11D0-8D11-00A0C91BC942}") = "Chapter02_06", "Chapter02_06\Chapter02_06.vcxproj", "{04523101-DE91-44D9-8852-F2284CCD45D1}"
EndProject
Project("{8BC9CEB8-8B4A-11D0-8D11-00A0C91BC942}") = "Chapter02_07", "Chapter02_07\Chapter02_07.vcxproj", "{F0AA0EDE-EA9C-4F5B-8E68-68776EB74D4B}"
EndProject
Project("{8BC9CEB8-8B4A-11D0-8D11-00A0C91BC942}") = "Chapter02_08", "Chapter02_08\Chapter02_08.vcxproj", "{AE678777-F99F-4056-8ECA-CD5F5EBD56E3}"
EndProject
Project("{8BC9CEB8-8B4A-11D0-8D11-00A0C91BC942}") = "Chapter02_09", "Chapter02_09\Chapter02_09.vcxproj", "{163B00FA-C549-4A9A-93CE-92753E2FBCBC}"
EndProject
Project("{8BC9CEB8-8B4A-11D0-8D11-00A0C91BC942}") = "Chapter03_02", "Chapter03_02\Chapter03_02.vcxproj", "{F7B903CE-7AFA-4FA4-9F3A-BA73CCA35643}"
EndProject
Project("{8BC9CEB8-8B4A-11D0-8D11-00A0C91BC942}") = "Chapter03_03", "Chapter03_03\Chapter03_03.vcxproj", "{027985E1-B47E-4907-878D-EC66F1A61F0C}"
EndProject
Project("{8BC9CEB8-8B4A-11D0-8D11-00A0C91BC942}") = "Chapter03_04", "Chapter03_04\Chapter03_04.vcxproj", "{D4B7042D-F05B-4A77-90DB-B1A42FCCAB13}"
EndProject
Project("{8BC9CEB8-8B4A-11D0-8D11-00A0C91BC942}") = "Chapter03_05", "Chapter03_05\Chapter03_05.vcxproj", "{3203863D-6696-4B78-8A61-502C97770261}"
EndProject
Project("{8BC9CEB8-8B4A-11D0-8D11-00A0C91BC942}") = "Chapter03_06", "Chapter03_06\Chapter03_06.vcxproj", "{1635F050-6763-4368-958F-129B26A8408A}"
EndProject
Project("{8BC9CEB8-8B4A-11D0-8D11-00A0C91BC942}") = "Chapter03_08", "Chapter03_08\Chapter03_08.vcxproj", "{1CCF37CE-6585-41C0-8114-90DA8FBFF721}"
EndProject
Project("{8BC9CEB8-8B4A-11D0-8D11-00A0C91BC942}") = "Chapter03_09", "Chapter03_09\Chapter03_09.vcxproj", "{3A82E5FF-D454-4689-9492-68AFA31C8F2D}"
EndProject
Project("{8BC9CEB8-8B4A-11D0-8D11-00A0C91BC942}") = "Chapter04_01", "Chapter04_01\Chapter04_01.vcxproj", "{FD370363-9EFA-4933-8201-7983F9D0BBF8}"
EndProject
Project("{8BC9CEB8-8B4A-11D0-8D11-00A0C91BC942}") = "Chapter04_02", "Chapter04_02\Chapter04_02.vcxproj", "{589D6294-B27C-4CB8-91C0-C329B54ACF35}"
EndProject
Project("{8BC9CEB8-8B4A-11D0-8D11-00A0C91BC942}") = "Chapter04_03", "Chapter04_03\Chapter04_03.vcxproj", "{2DDCE287-276C-457F-A5BA-38EAB248563E}"
EndProject
Project("{8BC9CEB8-8B4A-11D0-8D11-00A0C91BC942}") = "Chapter04_04", "Chapter04_04\Chapter04_04.vcxproj", "{976F734A-EC4B-464E-95FB-AEFBE6C87D10}"
EndProject
Project("{8BC9CEB8-8B4A-11D0-8D11-00A0C91BC942}") = "Chapter04_05", "Chapter04_05\Chapter04_05.vcxproj", "{09BD9FBC-AB2B-415A-A461-9B9C9F00EA0B}"
EndProject
Project("{8BC9CEB8-8B4A-11D0-8D11-00A0C91BC942}") = "Chapter04_06", "Chapter04_06\Chapter04_06.vcxproj", "{2A0F954A-BBE4-460F-8955-1E1A1BFAD469}"
EndProject
Project("{8BC9CEB8-8B4A-11D0-8D11-00A0C91BC942}") = "Chapter04_08", "Chapter04_08\Chapter04_08.vcxproj", "{D6449D61-EAA9-43DE-969C-6826E65B3518}"
EndProject
Project("{8BC9CEB8-8B4A-11D0-8D11-00A0C91BC942}") = "Chapter04_09", "Chapter04_09\Chapter04_09.vcxproj", "{CEC81EB1-9094-4C13-A5FA-9DF6C3E953F4}"
EndProject
Project("{8BC9CEB8-8B4A-11D0-8D11-00A0C91BC942}") = "Chapter04_10", "Chapter04_10\Chapter04_10.vcxproj", "{CB6A0B7C-E21E-43E6-8056-8C758A248B8E}"
EndProject
Project("{8BC9CEB8-8B4A-11D0-8D11-00A0C91BC942}") = "Chapter05_01", "Chapter05_01\Chapter05_01.vcxproj", "{AA5F0258-53FF-4170-871B-AA5521458798}"
EndProject
Project("{8BC9CEB8-8B4A-11D0-8D11-00A0C91BC942}") = "Chapter05_02", "Chapter05_02\Chapter05_02.vcxproj", "{1510C4C8-FA7E-4C89-8FE4-981E03372DAE}"
EndProject
Project("{8BC9CEB8-8B4A-11D0-8D11-00A0C91BC942}") = "Chapter05_03", "Chapter05_03\Chapter05_03.vcxproj", "{607D7ED6-2CB0-4543-9DC3-238E49994492}"
EndProject
Project("{8BC9CEB8-8B4A-11D0-8D11-00A0C91BC942}") = "Chapter05_04", "Chapter05_04\Chapter05_04.vcxproj", "{29259916-880D-4C8D-A378-CFF9E2EEE73E}"
EndProject
Project("{8BC9CEB8-8B4A-11D0-8D11-00A0C91BC942}") = "Chapter05_05", "Chapter05_05\Chapter05_05.vcxproj", "{016D629E-6148-47A7-AAA1-A9DF4519BC1C}"
EndProject
Project("{8BC9CEB8-8B4A-11D0-8D11-00A0C91BC942}") = "Chapter05_06", "Chapter05_06\Chapter05_06.vcxproj", "{33C36688-6BCC-4281-9859-8D7F02932913}"
EndProject
Project("{8BC9CEB8-8B4A-11D0-8D11-00A0C91BC942}") = "Chapter05_07", "Chapter05_07\Chapter05_07.vcxproj", "{CBEFECE7-53F6-4F46-9A0E-6332C0C1F9D6}"
EndProject
Project("{8BC9CEB8-8B4A-11D0-8D11-00A0C91BC942}") = "Chapter05_08", "Chapter05_08\Chapter05_08.vcxproj", "{83ABD477-9F01-4064-BCAE-07C19CEF4248}"
EndProject
Project("{8BC9CEB8-8B4A-11D0-8D11-00A0C91BC942}") = "Chapter05_09", "Chapter05_09\Chapter05_09.vcxproj", "{72211255-C5DF-47BF-87E6-8DDA27D3C97C}"
EndProject
Project("{8BC9CEB8-8B4A-11D0-8D11-00A0C91BC942}") = "Chapter05_10", "Chapter05_10\Chapter05_10.vcxproj", "{86E79795-AB13-4D8A-8781-487E246B21A5}"
EndProject
Project("{8BC9CEB8-8B4A-11D0-8D11-00A0C91BC942}") = "Chapter06_01", "Chapter06_01\Chapter06_01.vcxproj", "{99232305-8D91-48A3-83C2-9681FEB5D4BE}"
EndProject
Project("{8BC9CEB8-8B4A-11D0-8D11-00A0C91BC942}") = "Chapter06_02", "Chapter06_02\Chapter06_02.vcxproj", "{A964959A-4521-47B4-88CE-0E6DAB80B6F2}"
EndProject
Project("{8BC9CEB8-8B4A-11D0-8D11-00A0C91BC942}") = "Chapter06_03", "Chapter06_03\Chapter06_03.vcxproj", "{91B858EC-7C17-4C7C-8621-6007B6F39D2C}"
EndProject
Project("{8BC9CEB8-8B4A-11D0-8D11-00A0C91BC942}") = "Chapter06_04", "Chapter06_04\Chapter06_04.vcxproj", "{2CC5152E-5E03-4347-A057-1312937EC29F}"
EndProject
Project("{8BC9CEB8-8B4A-11D0-8D11-00A0C91BC942}") = "Chapter06_05", "Chapter06_05\Chapter06_05.vcxproj", "{2A76B10A-D285-40F7-9B9B-769F479EF0D6}"
EndProject
Project("{8BC9CEB8-8B4A-11D0-8D11-00A0C91BC942}") = "Chapter06_06", "Chapter06_06\Chapter06_06.vcxproj", "{5AAFF539-10C6-4501-B8FF-3F02CDF361AB}"
EndProject
Project("{8BC9CEB8-8B4A-11D0-8D11-00A0C91BC942}") = "Chapter06_07", "Chapter06_07\Chapter06_07.vcxproj", "{75F68811-C6A0-4269-B436-85B423A93276}"
EndProject
Project("{8BC9CEB8-8B4A-11D0-8D11-00A0C91BC942}") = "Chapter06_08", "Chapter06_08\Chapter06_08.vcxproj", "{59BDD152-32A7-4EF6-981F-A49B009EF244}"
EndProject
Project("{8BC9CEB8-8B4A-11D0-8D11-00A0C91BC942}") = "Chapter06_08_a", "Chapter06_08_a\Chapter06_08_a.vcxproj", "{19A6A322-4174-4A79-BE9B-88DE39456043}"
EndProject
Project("{8BC9CEB8-8B4A-11D0-8D11-00A0C91BC942}") = "Chapter06_09", "Chapter06_09\Chapter06_09.vcxproj", "{8D732D68-D6D8-4805-8EB3-D1B009F0CDD5}"
EndProject
Project("{8BC9CEB8-8B4A-11D0-8D11-00A0C91BC942}") = "Chapter06_10", "Chapter06_10\Chapter06_10.vcxproj", "{AA13128D-6028-4872-9408-6FC72852C684}"
EndProject
Project("{8BC9CEB8-8B4A-11D0-8D11-00A0C91BC942}") = "Chapter06_11", "Chapter06_11\Chapter06_11.vcxproj", "{58912DBA-9688-4A08-AA34-7017A5D57F19}"
EndProject
Project("{8BC9CEB8-8B4A-11D0-8D11-00A0C91BC942}") = "Chapter06_12", "Chapter06_12\Chapter06_12.vcxproj", "{D1266770-EF7A-4BA4-9999-96ADAFBB1B36}"
EndProject
Project("{8BC9CEB8-8B4A-11D0-8D11-00A0C91BC942}") = "Chapter06_13", "Chapter06_13\Chapter06_13.vcxproj", "{01230F17-1E1B-4C92-B476-93AC1C068451}"
EndProject
Project("{8BC9CEB8-8B4A-11D0-8D11-00A0C91BC942}") = "Chapter06_14", "Chapter06_14\Chapter06_14.vcxproj", "{D57F8D38-B779-4990-91DF-648050809D11}"
EndProject
Project("{8BC9CEB8-8B4A-11D0-8D11-00A0C91BC942}") = "Chapter06_15", "Chapter06_15\Chapter06_15.vcxproj", "{3C839D42-CC3E-4D14-A6E5-81C1144DC3AC}"
EndProject
Project("{8BC9CEB8-8B4A-11D0-8D11-00A0C91BC942}") = "Chapter06_16", "Chapter06_16\Chapter06_16.vcxproj", "{CCF09A81-C20C-45F7-A078-B237700045D4}"
EndProject
Project("{8BC9CEB8-8B4A-11D0-8D11-00A0C91BC942}") = "Chapter06_17", "Chapter06_17\Chapter06_17.vcxproj", "{3C9A4C22-2F9F-4EA4-84D5-18A622BF9AB4}"
EndProject
Project("{8BC9CEB8-8B4A-11D0-8D11-00A0C91BC942}") = "Chapter06_18", "Chapter06_18\Chapter06_18.vcxproj", "{90D6A37A-F59B-4474-ADB7-EA933BAAAA7F}"
EndProject
Project("{8BC9CEB8-8B4A-11D0-8D11-00A0C91BC942}") = "Chapter06_19", "Chapter06_19\Chapter06_19.vcxproj", "{919C9E96-773B-44E0-B8A8-3C9F98FEAE63}"
EndProject
Project("{8BC9CEB8-8B4A-11D0-8D11-00A0C91BC942}") = "Chapter06_20", "Chapter06_20\Chapter06_20.vcxproj", "{75CB3B4E-9A2E-45EC-862D-68F21C57A0E6}"
EndProject
Project("{8BC9CEB8-8B4A-11D0-8D11-00A0C91BC942}") = "Chapter06_21", "Chapter06_21\Chapter06_21.vcxproj", "{7271921B-4310-483C-81C8-435B9F5D7439}"
EndProject
Project("{8BC9CEB8-8B4A-11D0-8D11-00A0C91BC942}") = "Chapter07_01", "Chapter07_01\Chapter07_01.vcxproj", "{C0D96E55-7A8E-4508-A2DA-4440E6951A05}"
EndProject
Project("{8BC9CEB8-8B4A-11D0-8D11-00A0C91BC942}") = "Chapter07_02", "Chapter07_02\Chapter07_02.vcxproj", "{BAF4CAA3-8809-4B06-BD13-D5342C184CF0}"
EndProject
Project("{8BC9CEB8-8B4A-11D0-8D11-00A0C91BC942}") = "Chapter07_03", "Chapter07_03\Chapter07_03.vcxproj", "{7E80E175-EDEB-4186-8F3A-C77FBF88CB4D}"
EndProject
Project("{8BC9CEB8-8B4A-11D0-8D11-00A0C91BC942}") = "Chapter07_04", "Chapter07_04\Chapter07_04.vcxproj", "{E968F0F8-D00A-4D64-8B2D-11917C089F0D}"
EndProject
Global
	GlobalSection(SolutionConfigurationPlatforms) = preSolution
		Debug|x64 = Debug|x64
		Debug|x86 = Debug|x86
		Release|x64 = Release|x64
		Release|x86 = Release|x86
	EndGlobalSection
	GlobalSection(ProjectConfigurationPlatforms) = postSolution
		{CA7F005D-728C-4758-8300-B06C329EA3D4}.Debug|x64.ActiveCfg = Debug|x64
		{CA7F005D-728C-4758-8300-B06C329EA3D4}.Debug|x64.Build.0 = Debug|x64
		{CA7F005D-728C-4758-8300-B06C329EA3D4}.Debug|x86.ActiveCfg = Debug|Win32
		{CA7F005D-728C-4758-8300-B06C329EA3D4}.Debug|x86.Build.0 = Debug|Win32
		{CA7F005D-728C-4758-8300-B06C329EA3D4}.Release|x64.ActiveCfg = Release|x64
		{CA7F005D-728C-4758-8300-B06C329EA3D4}.Release|x64.Build.0 = Release|x64
		{CA7F005D-728C-4758-8300-B06C329EA3D4}.Release|x86.ActiveCfg = Release|Win32
		{CA7F005D-728C-4758-8300-B06C329EA3D4}.Release|x86.Build.0 = Release|Win32
		{AF1479FA-CB01-44E4-A8BE-09C329C06C40}.Debug|x64.ActiveCfg = Debug|x64
		{AF1479FA-CB01-44E4-A8BE-09C329C06C40}.Debug|x64.Build.0 = Debug|x64
		{AF1479FA-CB01-44E4-A8BE-09C329C06C40}.Debug|x86.ActiveCfg = Debug|Win32
		{AF1479FA-CB01-44E4-A8BE-09C329C06C40}.Debug|x86.Build.0 = Debug|Win32
		{AF1479FA-CB01-44E4-A8BE-09C329C06C40}.Release|x64.ActiveCfg = Release|x64
		{AF1479FA-CB01-44E4-A8BE-09C329C06C40}.Release|x64.Build.0 = Release|x64
		{AF1479FA-CB01-44E4-A8BE-09C329C06C40}.Release|x86.ActiveCfg = Release|Win32
		{AF1479FA-CB01-44E4-A8BE-09C329C06C40}.Release|x86.Build.0 = Release|Win32
		{4EEBA72F-F1CB-4488-92FE-07470B6E1E8D}.Debug|x64.ActiveCfg = Debug|x64
		{4EEBA72F-F1CB-4488-92FE-07470B6E1E8D}.Debug|x64.Build.0 = Debug|x64
		{4EEBA72F-F1CB-4488-92FE-07470B6E1E8D}.Debug|x86.ActiveCfg = Debug|Win32
		{4EEBA72F-F1CB-4488-92FE-07470B6E1E8D}.Debug|x86.Build.0 = Debug|Win32
		{4EEBA72F-F1CB-4488-92FE-07470B6E1E8D}.Release|x64.ActiveCfg = Release|x64
		{4EEBA72F-F1CB-4488-92FE-07470B6E1E8D}.Release|x64.Build.0 = Release|x64
		{4EEBA72F-F1CB-4488-92FE-07470B6E1E8D}.Release|x86.ActiveCfg = Release|Win32
		{4EEBA72F-F1CB-4488-92FE-07470B6E1E8D}.Release|x86.Build.0 = Release|Win32
		{1D035EBD-8880-41E9-82AF-B68E535120F0}.Debug|x64.ActiveCfg = Debug|x64
		{1D035EBD-8880-41E9-82AF-B68E535120F0}.Debug|x64.Build.0 = Debug|x64
		{1D035EBD-8880-41E9-82AF-B68E535120F0}.Debug|x86.ActiveCfg = Debug|Win32
		{1D035EBD-8880-41E9-82AF-B68E535120F0}.Debug|x86.Build.0 = Debug|Win32
		{1D035EBD-8880-41E9-82AF-B68E535120F0}.Release|x64.ActiveCfg = Release|x64
		{1D035EBD-8880-41E9-82AF-B68E535120F0}.Release|x64.Build.0 = Release|x64
		{1D035EBD-8880-41E9-82AF-B68E535120F0}.Release|x86.ActiveCfg = Release|Win32
		{1D035EBD-8880-41E9-82AF-B68E535120F0}.Release|x86.Build.0 = Release|Win32
		{57D9B78B-F6C3-4A7D-87C2-09CE6AE4032A}.Debug|x64.ActiveCfg = Debug|x64
		{57D9B78B-F6C3-4A7D-87C2-09CE6AE4032A}.Debug|x64.Build.0 = Debug|x64
		{57D9B78B-F6C3-4A7D-87C2-09CE6AE4032A}.Debug|x86.ActiveCfg = Debug|Win32
		{57D9B78B-F6C3-4A7D-87C2-09CE6AE4032A}.Debug|x86.Build.0 = Debug|Win32
		{57D9B78B-F6C3-4A7D-87C2-09CE6AE4032A}.Release|x64.ActiveCfg = Release|x64
		{57D9B78B-F6C3-4A7D-87C2-09CE6AE4032A}.Release|x64.Build.0 = Release|x64
		{57D9B78B-F6C3-4A7D-87C2-09CE6AE4032A}.Release|x86.ActiveCfg = Release|Win32
		{57D9B78B-F6C3-4A7D-87C2-09CE6AE4032A}.Release|x86.Build.0 = Release|Win32
		{6D1DE0DD-3D39-405D-A0BB-B756A48B4984}.Debug|x64.ActiveCfg = Debug|x64
		{6D1DE0DD-3D39-405D-A0BB-B756A48B4984}.Debug|x64.Build.0 = Debug|x64
		{6D1DE0DD-3D39-405D-A0BB-B756A48B4984}.Debug|x86.ActiveCfg = Debug|Win32
		{6D1DE0DD-3D39-405D-A0BB-B756A48B4984}.Debug|x86.Build.0 = Debug|Win32
		{6D1DE0DD-3D39-405D-A0BB-B756A48B4984}.Release|x64.ActiveCfg = Release|x64
		{6D1DE0DD-3D39-405D-A0BB-B756A48B4984}.Release|x64.Build.0 = Release|x64
		{6D1DE0DD-3D39-405D-A0BB-B756A48B4984}.Release|x86.ActiveCfg = Release|Win32
		{6D1DE0DD-3D39-405D-A0BB-B756A48B4984}.Release|x86.Build.0 = Release|Win32
		{CA8B0FE7-7702-4068-B424-ED8062E033EF}.Debug|x64.ActiveCfg = Debug|x64
		{CA8B0FE7-7702-4068-B424-ED8062E033EF}.Debug|x64.Build.0 = Debug|x64
		{CA8B0FE7-7702-4068-B424-ED8062E033EF}.Debug|x86.ActiveCfg = Debug|Win32
		{CA8B0FE7-7702-4068-B424-ED8062E033EF}.Debug|x86.Build.0 = Debug|Win32
		{CA8B0FE7-7702-4068-B424-ED8062E033EF}.Release|x64.ActiveCfg = Release|x64
		{CA8B0FE7-7702-4068-B424-ED8062E033EF}.Release|x64.Build.0 = Release|x64
		{CA8B0FE7-7702-4068-B424-ED8062E033EF}.Release|x86.ActiveCfg = Release|Win32
		{CA8B0FE7-7702-4068-B424-ED8062E033EF}.Release|x86.Build.0 = Release|Win32
		{DBD01BBE-9924-48CD-938B-3CAC122F044C}.Debug|x64.ActiveCfg = Debug|x64
		{DBD01BBE-9924-48CD-938B-3CAC122F044C}.Debug|x64.Build.0 = Debug|x64
		{DBD01BBE-9924-48CD-938B-3CAC122F044C}.Debug|x86.ActiveCfg = Debug|Win32
		{DBD01BBE-9924-48CD-938B-3CAC122F044C}.Debug|x86.Build.0 = Debug|Win32
		{DBD01BBE-9924-48CD-938B-3CAC122F044C}.Release|x64.ActiveCfg = Release|x64
		{DBD01BBE-9924-48CD-938B-3CAC122F044C}.Release|x64.Build.0 = Release|x64
		{DBD01BBE-9924-48CD-938B-3CAC122F044C}.Release|x86.ActiveCfg = Release|Win32
		{DBD01BBE-9924-48CD-938B-3CAC122F044C}.Release|x86.Build.0 = Release|Win32
		{6C1D2995-916A-49B9-8D7F-DA587A25E99F}.Debug|x64.ActiveCfg = Debug|x64
		{6C1D2995-916A-49B9-8D7F-DA587A25E99F}.Debug|x64.Build.0 = Debug|x64
		{6C1D2995-916A-49B9-8D7F-DA587A25E99F}.Debug|x86.ActiveCfg = Debug|Win32
		{6C1D2995-916A-49B9-8D7F-DA587A25E99F}.Debug|x86.Build.0 = Debug|Win32
		{6C1D2995-916A-49B9-8D7F-DA587A25E99F}.Release|x64.ActiveCfg = Release|x64
		{6C1D2995-916A-49B9-8D7F-DA587A25E99F}.Release|x64.Build.0 = Release|x64
		{6C1D2995-916A-49B9-8D7F-DA587A25E99F}.Release|x86.ActiveCfg = Release|Win32
		{6C1D2995-916A-49B9-8D7F-DA587A25E99F}.Release|x86.Build.0 = Release|Win32
		{55666CBE-38C4-4623-BF03-548CC12E31C5}.Debug|x64.ActiveCfg = Debug|x64
		{55666CBE-38C4-4623-BF03-548CC12E31C5}.Debug|x64.Build.0 = Debug|x64
		{55666CBE-38C4-4623-BF03-548CC12E31C5}.Debug|x86.ActiveCfg = Debug|Win32
		{55666CBE-38C4-4623-BF03-548CC12E31C5}.Debug|x86.Build.0 = Debug|Win32
		{55666CBE-38C4-4623-BF03-548CC12E31C5}.Release|x64.ActiveCfg = Release|x64
		{55666CBE-38C4-4623-BF03-548CC12E31C5}.Release|x64.Build.0 = Release|x64
		{55666CBE-38C4-4623-BF03-548CC12E31C5}.Release|x86.ActiveCfg = Release|Win32
		{55666CBE-38C4-4623-BF03-548CC12E31C5}.Release|x86.Build.0 = Release|Win32
		{5B59FAAA-0CDB-4C39-B762-803934D25FC6}.Debug|x64.ActiveCfg = Debug|x64
		{5B59FAAA-0CDB-4C39-B762-803934D25FC6}.Debug|x64.Build.0 = Debug|x64
		{5B59FAAA-0CDB-4C39-B762-803934D25FC6}.Debug|x86.ActiveCfg = Debug|Win32
		{5B59FAAA-0CDB-4C39-B762-803934D25FC6}.Debug|x86.Build.0 = Debug|Win32
		{5B59FAAA-0CDB-4C39-B762-803934D25FC6}.Release|x64.ActiveCfg = Release|x64
		{5B59FAAA-0CDB-4C39-B762-803934D25FC6}.Release|x64.Build.0 = Release|x64
		{5B59FAAA-0CDB-4C39-B762-803934D25FC6}.Release|x86.ActiveCfg = Release|Win32
		{5B59FAAA-0CDB-4C39-B762-803934D25FC6}.Release|x86.Build.0 = Release|Win32
		{E024E31F-76BC-4AC0-BD51-AF415AD05AC6}.Debug|x64.ActiveCfg = Debug|x64
		{E024E31F-76BC-4AC0-BD51-AF415AD05AC6}.Debug|x64.Build.0 = Debug|x64
		{E024E31F-76BC-4AC0-BD51-AF415AD05AC6}.Debug|x86.ActiveCfg = Debug|Win32
		{E024E31F-76BC-4AC0-BD51-AF415AD05AC6}.Debug|x86.Build.0 = Debug|Win32
		{E024E31F-76BC-4AC0-BD51-AF415AD05AC6}.Release|x64.ActiveCfg = Release|x64
		{E024E31F-76BC-4AC0-BD51-AF415AD05AC6}.Release|x64.Build.0 = Release|x64
		{E024E31F-76BC-4AC0-BD51-AF415AD05AC6}.Release|x86.ActiveCfg = Release|Win32
		{E024E31F-76BC-4AC0-BD51-AF415AD05AC6}.Release|x86.Build.0 = Release|Win32
		{3CAFB898-4B2C-4598-8434-B5FB9C5AD852}.Debug|x64.ActiveCfg = Debug|x64
		{3CAFB898-4B2C-4598-8434-B5FB9C5AD852}.Debug|x64.Build.0 = Debug|x64
		{3CAFB898-4B2C-4598-8434-B5FB9C5AD852}.Debug|x86.ActiveCfg = Debug|Win32
		{3CAFB898-4B2C-4598-8434-B5FB9C5AD852}.Debug|x86.Build.0 = Debug|Win32
		{3CAFB898-4B2C-4598-8434-B5FB9C5AD852}.Release|x64.ActiveCfg = Release|x64
		{3CAFB898-4B2C-4598-8434-B5FB9C5AD852}.Release|x64.Build.0 = Release|x64
		{3CAFB898-4B2C-4598-8434-B5FB9C5AD852}.Release|x86.ActiveCfg = Release|Win32
		{3CAFB898-4B2C-4598-8434-B5FB9C5AD852}.Release|x86.Build.0 = Release|Win32
		{100F78C7-E9E0-4AC1-B84A-A5E47C64BC7D}.Debug|x64.ActiveCfg = Debug|x64
		{100F78C7-E9E0-4AC1-B84A-A5E47C64BC7D}.Debug|x64.Build.0 = Debug|x64
		{100F78C7-E9E0-4AC1-B84A-A5E47C64BC7D}.Debug|x86.ActiveCfg = Debug|Win32
		{100F78C7-E9E0-4AC1-B84A-A5E47C64BC7D}.Debug|x86.Build.0 = Debug|Win32
		{100F78C7-E9E0-4AC1-B84A-A5E47C64BC7D}.Release|x64.ActiveCfg = Release|x64
		{100F78C7-E9E0-4AC1-B84A-A5E47C64BC7D}.Release|x64.Build.0 = Release|x64
		{100F78C7-E9E0-4AC1-B84A-A5E47C64BC7D}.Release|x86.ActiveCfg = Release|Win32
		{100F78C7-E9E0-4AC1-B84A-A5E47C64BC7D}.Release|x86.Build.0 = Release|Win32
		{8D62A3A6-D299-439F-A3A4-47A01915716C}.Debug|x64.ActiveCfg = Debug|x64
		{8D62A3A6-D299-439F-A3A4-47A01915716C}.Debug|x64.Build.0 = Debug|x64
		{8D62A3A6-D299-439F-A3A4-47A01915716C}.Debug|x86.ActiveCfg = Debug|Win32
		{8D62A3A6-D299-439F-A3A4-47A01915716C}.Debug|x86.Build.0 = Debug|Win32
		{8D62A3A6-D299-439F-A3A4-47A01915716C}.Release|x64.ActiveCfg = Release|x64
		{8D62A3A6-D299-439F-A3A4-47A01915716C}.Release|x64.Build.0 = Release|x64
		{8D62A3A6-D299-439F-A3A4-47A01915716C}.Release|x86.ActiveCfg = Release|Win32
		{8D62A3A6-D299-439F-A3A4-47A01915716C}.Release|x86.Build.0 = Release|Win32
		{37C2F409-D1CB-41E9-890C-23518097C4D2}.Debug|x64.ActiveCfg = Debug|x64
		{37C2F409-D1CB-41E9-890C-23518097C4D2}.Debug|x64.Build.0 = Debug|x64
		{37C2F409-D1CB-41E9-890C-23518097C4D2}.Debug|x86.ActiveCfg = Debug|Win32
		{37C2F409-D1CB-41E9-890C-23518097C4D2}.Debug|x86.Build.0 = Debug|Win32
		{37C2F409-D1CB-41E9-890C-23518097C4D2}.Release|x64.ActiveCfg = Release|x64
		{37C2F409-D1CB-41E9-890C-23518097C4D2}.Release|x64.Build.0 = Release|x64
		{37C2F409-D1CB-41E9-890C-23518097C4D2}.Release|x86.ActiveCfg = Release|Win32
		{37C2F409-D1CB-41E9-890C-23518097C4D2}.Release|x86.Build.0 = Release|Win32
		{75485603-4259-4682-B7AF-C7C0785AF9B0}.Debug|x64.ActiveCfg = Debug|x64
		{75485603-4259-4682-B7AF-C7C0785AF9B0}.Debug|x64.Build.0 = Debug|x64
		{75485603-4259-4682-B7AF-C7C0785AF9B0}.Debug|x86.ActiveCfg = Debug|Win32
		{75485603-4259-4682-B7AF-C7C0785AF9B0}.Debug|x86.Build.0 = Debug|Win32
		{75485603-4259-4682-B7AF-C7C0785AF9B0}.Release|x64.ActiveCfg = Release|x64
		{75485603-4259-4682-B7AF-C7C0785AF9B0}.Release|x64.Build.0 = Release|x64
		{75485603-4259-4682-B7AF-C7C0785AF9B0}.Release|x86.ActiveCfg = Release|Win32
		{75485603-4259-4682-B7AF-C7C0785AF9B0}.Release|x86.Build.0 = Release|Win32
		{04523101-DE91-44D9-8852-F2284CCD45D1}.Debug|x64.ActiveCfg = Debug|x64
		{04523101-DE91-44D9-8852-F2284CCD45D1}.Debug|x64.Build.0 = Debug|x64
		{04523101-DE91-44D9-8852-F2284CCD45D1}.Debug|x86.ActiveCfg = Debug|Win32
		{04523101-DE91-44D9-8852-F2284CCD45D1}.Debug|x86.Build.0 = Debug|Win32
		{04523101-DE91-44D9-8852-F2284CCD45D1}.Release|x64.ActiveCfg = Release|x64
		{04523101-DE91-44D9-8852-F2284CCD45D1}.Release|x64.Build.0 = Release|x64
		{04523101-DE91-44D9-8852-F2284CCD45D1}.Release|x86.ActiveCfg = Release|Win32
		{04523101-DE91-44D9-8852-F2284CCD45D1}.Release|x86.Build.0 = Release|Win32
		{F0AA0EDE-EA9C-4F5B-8E68-68776EB74D4B}.Debug|x64.ActiveCfg = Debug|x64
		{F0AA0EDE-EA9C-4F5B-8E68-68776EB74D4B}.Debug|x64.Build.0 = Debug|x64
		{F0AA0EDE-EA9C-4F5B-8E68-68776EB74D4B}.Debug|x86.ActiveCfg = Debug|Win32
		{F0AA0EDE-EA9C-4F5B-8E68-68776EB74D4B}.Debug|x86.Build.0 = Debug|Win32
		{F0AA0EDE-EA9C-4F5B-8E68-68776EB74D4B}.Release|x64.ActiveCfg = Release|x64
		{F0AA0EDE-EA9C-4F5B-8E68-68776EB74D4B}.Release|x64.Build.0 = Release|x64
		{F0AA0EDE-EA9C-4F5B-8E68-68776EB74D4B}.Release|x86.ActiveCfg = Release|Win32
		{F0AA0EDE-EA9C-4F5B-8E68-68776EB74D4B}.Release|x86.Build.0 = Release|Win32
		{AE678777-F99F-4056-8ECA-CD5F5EBD56E3}.Debug|x64.ActiveCfg = Debug|x64
		{AE678777-F99F-4056-8ECA-CD5F5EBD56E3}.Debug|x64.Build.0 = Debug|x64
		{AE678777-F99F-4056-8ECA-CD5F5EBD56E3}.Debug|x86.ActiveCfg = Debug|Win32
		{AE678777-F99F-4056-8ECA-CD5F5EBD56E3}.Debug|x86.Build.0 = Debug|Win32
		{AE678777-F99F-4056-8ECA-CD5F5EBD56E3}.Release|x64.ActiveCfg = Release|x64
		{AE678777-F99F-4056-8ECA-CD5F5EBD56E3}.Release|x64.Build.0 = Release|x64
		{AE678777-F99F-4056-8ECA-CD5F5EBD56E3}.Release|x86.ActiveCfg = Release|Win32
		{AE678777-F99F-4056-8ECA-CD5F5EBD56E3}.Release|x86.Build.0 = Release|Win32
		{163B00FA-C549-4A9A-93CE-92753E2FBCBC}.Debug|x64.ActiveCfg = Debug|x64
		{163B00FA-C549-4A9A-93CE-92753E2FBCBC}.Debug|x64.Build.0 = Debug|x64
		{163B00FA-C549-4A9A-93CE-92753E2FBCBC}.Debug|x86.ActiveCfg = Debug|Win32
		{163B00FA-C549-4A9A-93CE-92753E2FBCBC}.Debug|x86.Build.0 = Debug|Win32
		{163B00FA-C549-4A9A-93CE-92753E2FBCBC}.Release|x64.ActiveCfg = Release|x64
		{163B00FA-C549-4A9A-93CE-92753E2FBCBC}.Release|x64.Build.0 = Release|x64
		{163B00FA-C549-4A9A-93CE-92753E2FBCBC}.Release|x86.ActiveCfg = Release|Win32
		{163B00FA-C549-4A9A-93CE-92753E2FBCBC}.Release|x86.Build.0 = Release|Win32
		{F7B903CE-7AFA-4FA4-9F3A-BA73CCA35643}.Debug|x64.ActiveCfg = Debug|x64
		{F7B903CE-7AFA-4FA4-9F3A-BA73CCA35643}.Debug|x64.Build.0 = Debug|x64
		{F7B903CE-7AFA-4FA4-9F3A-BA73CCA35643}.Debug|x86.ActiveCfg = Debug|Win32
		{F7B903CE-7AFA-4FA4-9F3A-BA73CCA35643}.Debug|x86.Build.0 = Debug|Win32
		{F7B903CE-7AFA-4FA4-9F3A-BA73CCA35643}.Release|x64.ActiveCfg = Release|x64
		{F7B903CE-7AFA-4FA4-9F3A-BA73CCA35643}.Release|x64.Build.0 = Release|x64
		{F7B903CE-7AFA-4FA4-9F3A-BA73CCA35643}.Release|x86.ActiveCfg = Release|Win32
		{F7B903CE-7AFA-4FA4-9F3A-BA73CCA35643}.Release|x86.Build.0 = Release|Win32
		{027985E1-B47E-4907-878D-EC66F1A61F0C}.Debug|x64.ActiveCfg = Debug|x64
		{027985E1-B47E-4907-878D-EC66F1A61F0C}.Debug|x64.Build.0 = Debug|x64
		{027985E1-B47E-4907-878D-EC66F1A61F0C}.Debug|x86.ActiveCfg = Debug|Win32
		{027985E1-B47E-4907-878D-EC66F1A61F0C}.Debug|x86.Build.0 = Debug|Win32
		{027985E1-B47E-4907-878D-EC66F1A61F0C}.Release|x64.ActiveCfg = Release|x64
		{027985E1-B47E-4907-878D-EC66F1A61F0C}.Release|x64.Build.0 = Release|x64
		{027985E1-B47E-4907-878D-EC66F1A61F0C}.Release|x86.ActiveCfg = Release|Win32
		{027985E1-B47E-4907-878D-EC66F1A61F0C}.Release|x86.Build.0 = Release|Win32
		{D4B7042D-F05B-4A77-90DB-B1A42FCCAB13}.Debug|x64.ActiveCfg = Debug|x64
		{D4B7042D-F05B-4A77-90DB-B1A42FCCAB13}.Debug|x64.Build.0 = Debug|x64
		{D4B7042D-F05B-4A77-90DB-B1A42FCCAB13}.Debug|x86.ActiveCfg = Debug|Win32
		{D4B7042D-F05B-4A77-90DB-B1A42FCCAB13}.Debug|x86.Build.0 = Debug|Win32
		{D4B7042D-F05B-4A77-90DB-B1A42FCCAB13}.Release|x64.ActiveCfg = Release|x64
		{D4B7042D-F05B-4A77-90DB-B1A42FCCAB13}.Release|x64.Build.0 = Release|x64
		{D4B7042D-F05B-4A77-90DB-B1A42FCCAB13}.Release|x86.ActiveCfg = Release|Win32
		{D4B7042D-F05B-4A77-90DB-B1A42FCCAB13}.Release|x86.Build.0 = Release|Win32
		{3203863D-6696-4B78-8A61-502C97770261}.Debug|x64.ActiveCfg = Debug|x64
		{3203863D-6696-4B78-8A61-502C97770261}.Debug|x64.Build.0 = Debug|x64
		{3203863D-6696-4B78-8A61-502C97770261}.Debug|x86.ActiveCfg = Debug|Win32
		{3203863D-6696-4B78-8A61-502C97770261}.Debug|x86.Build.0 = Debug|Win32
		{3203863D-6696-4B78-8A61-502C97770261}.Release|x64.ActiveCfg = Release|x64
		{3203863D-6696-4B78-8A61-502C97770261}.Release|x64.Build.0 = Release|x64
		{3203863D-6696-4B78-8A61-502C97770261}.Release|x86.ActiveCfg = Release|Win32
		{3203863D-6696-4B78-8A61-502C97770261}.Release|x86.Build.0 = Release|Win32
		{1635F050-6763-4368-958F-129B26A8408A}.Debug|x64.ActiveCfg = Debug|x64
		{1635F050-6763-4368-958F-129B26A8408A}.Debug|x64.Build.0 = Debug|x64
		{1635F050-6763-4368-958F-129B26A8408A}.Debug|x86.ActiveCfg = Debug|Win32
		{1635F050-6763-4368-958F-129B26A8408A}.Debug|x86.Build.0 = Debug|Win32
		{1635F050-6763-4368-958F-129B26A8408A}.Release|x64.ActiveCfg = Release|x64
		{1635F050-6763-4368-958F-129B26A8408A}.Release|x64.Build.0 = Release|x64
		{1635F050-6763-4368-958F-129B26A8408A}.Release|x86.ActiveCfg = Release|Win32
		{1635F050-6763-4368-958F-129B26A8408A}.Release|x86.Build.0 = Release|Win32
		{1CCF37CE-6585-41C0-8114-90DA8FBFF721}.Debug|x64.ActiveCfg = Debug|x64
		{1CCF37CE-6585-41C0-8114-90DA8FBFF721}.Debug|x64.Build.0 = Debug|x64
		{1CCF37CE-6585-41C0-8114-90DA8FBFF721}.Debug|x86.ActiveCfg = Debug|Win32
		{1CCF37CE-6585-41C0-8114-90DA8FBFF721}.Debug|x86.Build.0 = Debug|Win32
		{1CCF37CE-6585-41C0-8114-90DA8FBFF721}.Release|x64.ActiveCfg = Release|x64
		{1CCF37CE-6585-41C0-8114-90DA8FBFF721}.Release|x64.Build.0 = Release|x64
		{1CCF37CE-6585-41C0-8114-90DA8FBFF721}.Release|x86.ActiveCfg = Release|Win32
		{1CCF37CE-6585-41C0-8114-90DA8FBFF721}.Release|x86.Build.0 = Release|Win32
		{3A82E5FF-D454-4689-9492-68AFA31C8F2D}.Debug|x64.ActiveCfg = Debug|x64
		{3A82E5FF-D454-4689-9492-68AFA31C8F2D}.Debug|x64.Build.0 = Debug|x64
		{3A82E5FF-D454-4689-9492-68AFA31C8F2D}.Debug|x86.ActiveCfg = Debug|Win32
		{3A82E5FF-D454-4689-9492-68AFA31C8F2D}.Debug|x86.Build.0 = Debug|Win32
		{3A82E5FF-D454-4689-9492-68AFA31C8F2D}.Release|x64.ActiveCfg = Release|x64
		{3A82E5FF-D454-4689-9492-68AFA31C8F2D}.Release|x64.Build.0 = Release|x64
		{3A82E5FF-D454-4689-9492-68AFA31C8F2D}.Release|x86.ActiveCfg = Release|Win32
		{3A82E5FF-D454-4689-9492-68AFA31C8F2D}.Release|x86.Build.0 = Release|Win32
		{FD370363-9EFA-4933-8201-7983F9D0BBF8}.Debug|x64.ActiveCfg = Debug|x64
		{FD370363-9EFA-4933-8201-7983F9D0BBF8}.Debug|x64.Build.0 = Debug|x64
		{FD370363-9EFA-4933-8201-7983F9D0BBF8}.Debug|x86.ActiveCfg = Debug|Win32
		{FD370363-9EFA-4933-8201-7983F9D0BBF8}.Debug|x86.Build.0 = Debug|Win32
		{FD370363-9EFA-4933-8201-7983F9D0BBF8}.Release|x64.ActiveCfg = Release|x64
		{FD370363-9EFA-4933-8201-7983F9D0BBF8}.Release|x64.Build.0 = Release|x64
		{FD370363-9EFA-4933-8201-7983F9D0BBF8}.Release|x86.ActiveCfg = Release|Win32
		{FD370363-9EFA-4933-8201-7983F9D0BBF8}.Release|x86.Build.0 = Release|Win32
		{589D6294-B27C-4CB8-91C0-C329B54ACF35}.Debug|x64.ActiveCfg = Debug|x64
		{589D6294-B27C-4CB8-91C0-C329B54ACF35}.Debug|x64.Build.0 = Debug|x64
		{589D6294-B27C-4CB8-91C0-C329B54ACF35}.Debug|x86.ActiveCfg = Debug|Win32
		{589D6294-B27C-4CB8-91C0-C329B54ACF35}.Debug|x86.Build.0 = Debug|Win32
		{589D6294-B27C-4CB8-91C0-C329B54ACF35}.Release|x64.ActiveCfg = Release|x64
		{589D6294-B27C-4CB8-91C0-C329B54ACF35}.Release|x64.Build.0 = Release|x64
		{589D6294-B27C-4CB8-91C0-C329B54ACF35}.Release|x86.ActiveCfg = Release|Win32
		{589D6294-B27C-4CB8-91C0-C329B54ACF35}.Release|x86.Build.0 = Release|Win32
		{2DDCE287-276C-457F-A5BA-38EAB248563E}.Debug|x64.ActiveCfg = Debug|x64
		{2DDCE287-276C-457F-A5BA-38EAB248563E}.Debug|x64.Build.0 = Debug|x64
		{2DDCE287-276C-457F-A5BA-38EAB248563E}.Debug|x86.ActiveCfg = Debug|Win32
		{2DDCE287-276C-457F-A5BA-38EAB248563E}.Debug|x86.Build.0 = Debug|Win32
		{2DDCE287-276C-457F-A5BA-38EAB248563E}.Release|x64.ActiveCfg = Release|x64
		{2DDCE287-276C-457F-A5BA-38EAB248563E}.Release|x64.Build.0 = Release|x64
		{2DDCE287-276C-457F-A5BA-38EAB248563E}.Release|x86.ActiveCfg = Release|Win32
		{2DDCE287-276C-457F-A5BA-38EAB248563E}.Release|x86.Build.0 = Release|Win32
		{976F734A-EC4B-464E-95FB-AEFBE6C87D10}.Debug|x64.ActiveCfg = Debug|x64
		{976F734A-EC4B-464E-95FB-AEFBE6C87D10}.Debug|x64.Build.0 = Debug|x64
		{976F734A-EC4B-464E-95FB-AEFBE6C87D10}.Debug|x86.ActiveCfg = Debug|Win32
		{976F734A-EC4B-464E-95FB-AEFBE6C87D10}.Debug|x86.Build.0 = Debug|Win32
		{976F734A-EC4B-464E-95FB-AEFBE6C87D10}.Release|x64.ActiveCfg = Release|x64
		{976F734A-EC4B-464E-95FB-AEFBE6C87D10}.Release|x64.Build.0 = Release|x64
		{976F734A-EC4B-464E-95FB-AEFBE6C87D10}.Release|x86.ActiveCfg = Release|Win32
		{976F734A-EC4B-464E-95FB-AEFBE6C87D10}.Release|x86.Build.0 = Release|Win32
		{09BD9FBC-AB2B-415A-A461-9B9C9F00EA0B}.Debug|x64.ActiveCfg = Debug|x64
		{09BD9FBC-AB2B-415A-A461-9B9C9F00EA0B}.Debug|x64.Build.0 = Debug|x64
		{09BD9FBC-AB2B-415A-A461-9B9C9F00EA0B}.Debug|x86.ActiveCfg = Debug|Win32
		{09BD9FBC-AB2B-415A-A461-9B9C9F00EA0B}.Debug|x86.Build.0 = Debug|Win32
		{09BD9FBC-AB2B-415A-A461-9B9C9F00EA0B}.Release|x64.ActiveCfg = Release|x64
		{09BD9FBC-AB2B-415A-A461-9B9C9F00EA0B}.Release|x64.Build.0 = Release|x64
		{09BD9FBC-AB2B-415A-A461-9B9C9F00EA0B}.Release|x86.ActiveCfg = Release|Win32
		{09BD9FBC-AB2B-415A-A461-9B9C9F00EA0B}.Release|x86.Build.0 = Release|Win32
		{2A0F954A-BBE4-460F-8955-1E1A1BFAD469}.Debug|x64.ActiveCfg = Debug|x64
		{2A0F954A-BBE4-460F-8955-1E1A1BFAD469}.Debug|x64.Build.0 = Debug|x64
		{2A0F954A-BBE4-460F-8955-1E1A1BFAD469}.Debug|x86.ActiveCfg = Debug|Win32
		{2A0F954A-BBE4-460F-8955-1E1A1BFAD469}.Debug|x86.Build.0 = Debug|Win32
		{2A0F954A-BBE4-460F-8955-1E1A1BFAD469}.Release|x64.ActiveCfg = Release|x64
		{2A0F954A-BBE4-460F-8955-1E1A1BFAD469}.Release|x64.Build.0 = Release|x64
		{2A0F954A-BBE4-460F-8955-1E1A1BFAD469}.Release|x86.ActiveCfg = Release|Win32
		{2A0F954A-BBE4-460F-8955-1E1A1BFAD469}.Release|x86.Build.0 = Release|Win32
		{D6449D61-EAA9-43DE-969C-6826E65B3518}.Debug|x64.ActiveCfg = Debug|x64
		{D6449D61-EAA9-43DE-969C-6826E65B3518}.Debug|x64.Build.0 = Debug|x64
		{D6449D61-EAA9-43DE-969C-6826E65B3518}.Debug|x86.ActiveCfg = Debug|Win32
		{D6449D61-EAA9-43DE-969C-6826E65B3518}.Debug|x86.Build.0 = Debug|Win32
		{D6449D61-EAA9-43DE-969C-6826E65B3518}.Release|x64.ActiveCfg = Release|x64
		{D6449D61-EAA9-43DE-969C-6826E65B3518}.Release|x64.Build.0 = Release|x64
		{D6449D61-EAA9-43DE-969C-6826E65B3518}.Release|x86.ActiveCfg = Release|Win32
		{D6449D61-EAA9-43DE-969C-6826E65B3518}.Release|x86.Build.0 = Release|Win32
		{CEC81EB1-9094-4C13-A5FA-9DF6C3E953F4}.Debug|x64.ActiveCfg = Debug|x64
		{CEC81EB1-9094-4C13-A5FA-9DF6C3E953F4}.Debug|x64.Build.0 = Debug|x64
		{CEC81EB1-9094-4C13-A5FA-9DF6C3E953F4}.Debug|x86.ActiveCfg = Debug|Win32
		{CEC81EB1-9094-4C13-A5FA-9DF6C3E953F4}.Debug|x86.Build.0 = Debug|Win32
		{CEC81EB1-9094-4C13-A5FA-9DF6C3E953F4}.Release|x64.ActiveCfg = Release|x64
		{CEC81EB1-9094-4C13-A5FA-9DF6C3E953F4}.Release|x64.Build.0 = Release|x64
		{CEC81EB1-9094-4C13-A5FA-9DF6C3E953F4}.Release|x86.ActiveCfg = Release|Win32
		{CEC81EB1-9094-4C13-A5FA-9DF6C3E953F4}.Release|x86.Build.0 = Release|Win32
		{CB6A0B7C-E21E-43E6-8056-8C758A248B8E}.Debug|x64.ActiveCfg = Debug|x64
		{CB6A0B7C-E21E-43E6-8056-8C758A248B8E}.Debug|x64.Build.0 = Debug|x64
		{CB6A0B7C-E21E-43E6-8056-8C758A248B8E}.Debug|x86.ActiveCfg = Debug|Win32
		{CB6A0B7C-E21E-43E6-8056-8C758A248B8E}.Debug|x86.Build.0 = Debug|Win32
		{CB6A0B7C-E21E-43E6-8056-8C758A248B8E}.Release|x64.ActiveCfg = Release|x64
		{CB6A0B7C-E21E-43E6-8056-8C758A248B8E}.Release|x64.Build.0 = Release|x64
		{CB6A0B7C-E21E-43E6-8056-8C758A248B8E}.Release|x86.ActiveCfg = Release|Win32
		{CB6A0B7C-E21E-43E6-8056-8C758A248B8E}.Release|x86.Build.0 = Release|Win32
		{AA5F0258-53FF-4170-871B-AA5521458798}.Debug|x64.ActiveCfg = Debug|x64
		{AA5F0258-53FF-4170-871B-AA5521458798}.Debug|x64.Build.0 = Debug|x64
		{AA5F0258-53FF-4170-871B-AA5521458798}.Debug|x86.ActiveCfg = Debug|Win32
		{AA5F0258-53FF-4170-871B-AA5521458798}.Debug|x86.Build.0 = Debug|Win32
		{AA5F0258-53FF-4170-871B-AA5521458798}.Release|x64.ActiveCfg = Release|x64
		{AA5F0258-53FF-4170-871B-AA5521458798}.Release|x64.Build.0 = Release|x64
		{AA5F0258-53FF-4170-871B-AA5521458798}.Release|x86.ActiveCfg = Release|Win32
		{AA5F0258-53FF-4170-871B-AA5521458798}.Release|x86.Build.0 = Release|Win32
		{1510C4C8-FA7E-4C89-8FE4-981E03372DAE}.Debug|x64.ActiveCfg = Debug|x64
		{1510C4C8-FA7E-4C89-8FE4-981E03372DAE}.Debug|x64.Build.0 = Debug|x64
		{1510C4C8-FA7E-4C89-8FE4-981E03372DAE}.Debug|x86.ActiveCfg = Debug|Win32
		{1510C4C8-FA7E-4C89-8FE4-981E03372DAE}.Debug|x86.Build.0 = Debug|Win32
		{1510C4C8-FA7E-4C89-8FE4-981E03372DAE}.Release|x64.ActiveCfg = Release|x64
		{1510C4C8-FA7E-4C89-8FE4-981E03372DAE}.Release|x64.Build.0 = Release|x64
		{1510C4C8-FA7E-4C89-8FE4-981E03372DAE}.Release|x86.ActiveCfg = Release|Win32
		{1510C4C8-FA7E-4C89-8FE4-981E03372DAE}.Release|x86.Build.0 = Release|Win32
		{607D7ED6-2CB0-4543-9DC3-238E49994492}.Debug|x64.ActiveCfg = Debug|x64
		{607D7ED6-2CB0-4543-9DC3-238E49994492}.Debug|x64.Build.0 = Debug|x64
		{607D7ED6-2CB0-4543-9DC3-238E49994492}.Debug|x86.ActiveCfg = Debug|Win32
		{607D7ED6-2CB0-4543-9DC3-238E49994492}.Debug|x86.Build.0 = Debug|Win32
		{607D7ED6-2CB0-4543-9DC3-238E49994492}.Release|x64.ActiveCfg = Release|x64
		{607D7ED6-2CB0-4543-9DC3-238E49994492}.Release|x64.Build.0 = Release|x64
		{607D7ED6-2CB0-4543-9DC3-238E49994492}.Release|x86.ActiveCfg = Release|Win32
		{607D7ED6-2CB0-4543-9DC3-238E49994492}.Release|x86.Build.0 = Release|Win32
		{29259916-880D-4C8D-A378-CFF9E2EEE73E}.Debug|x64.ActiveCfg = Debug|x64
		{29259916-880D-4C8D-A378-CFF9E2EEE73E}.Debug|x64.Build.0 = Debug|x64
		{29259916-880D-4C8D-A378-CFF9E2EEE73E}.Debug|x86.ActiveCfg = Debug|Win32
		{29259916-880D-4C8D-A378-CFF9E2EEE73E}.Debug|x86.Build.0 = Debug|Win32
		{29259916-880D-4C8D-A378-CFF9E2EEE73E}.Release|x64.ActiveCfg = Release|x64
		{29259916-880D-4C8D-A378-CFF9E2EEE73E}.Release|x64.Build.0 = Release|x64
		{29259916-880D-4C8D-A378-CFF9E2EEE73E}.Release|x86.ActiveCfg = Release|Win32
		{29259916-880D-4C8D-A378-CFF9E2EEE73E}.Release|x86.Build.0 = Release|Win32
		{016D629E-6148-47A7-AAA1-A9DF4519BC1C}.Debug|x64.ActiveCfg = Debug|x64
		{016D629E-6148-47A7-AAA1-A9DF4519BC1C}.Debug|x64.Build.0 = Debug|x64
		{016D629E-6148-47A7-AAA1-A9DF4519BC1C}.Debug|x86.ActiveCfg = Debug|Win32
		{016D629E-6148-47A7-AAA1-A9DF4519BC1C}.Debug|x86.Build.0 = Debug|Win32
		{016D629E-6148-47A7-AAA1-A9DF4519BC1C}.Release|x64.ActiveCfg = Release|x64
		{016D629E-6148-47A7-AAA1-A9DF4519BC1C}.Release|x64.Build.0 = Release|x64
		{016D629E-6148-47A7-AAA1-A9DF4519BC1C}.Release|x86.ActiveCfg = Release|Win32
		{016D629E-6148-47A7-AAA1-A9DF4519BC1C}.Release|x86.Build.0 = Release|Win32
		{33C36688-6BCC-4281-9859-8D7F02932913}.Debug|x64.ActiveCfg = Debug|x64
		{33C36688-6BCC-4281-9859-8D7F02932913}.Debug|x64.Build.0 = Debug|x64
		{33C36688-6BCC-4281-9859-8D7F02932913}.Debug|x86.ActiveCfg = Debug|Win32
		{33C36688-6BCC-4281-9859-8D7F02932913}.Debug|x86.Build.0 = Debug|Win32
		{33C36688-6BCC-4281-9859-8D7F02932913}.Release|x64.ActiveCfg = Release|x64
		{33C36688-6BCC-4281-9859-8D7F02932913}.Release|x64.Build.0 = Release|x64
		{33C36688-6BCC-4281-9859-8D7F02932913}.Release|x86.ActiveCfg = Release|Win32
		{33C36688-6BCC-4281-9859-8D7F02932913}.Release|x86.Build.0 = Release|Win32
		{CBEFECE7-53F6-4F46-9A0E-6332C0C1F9D6}.Debug|x64.ActiveCfg = Debug|x64
		{CBEFECE7-53F6-4F46-9A0E-6332C0C1F9D6}.Debug|x64.Build.0 = Debug|x64
		{CBEFECE7-53F6-4F46-9A0E-6332C0C1F9D6}.Debug|x86.ActiveCfg = Debug|Win32
		{CBEFECE7-53F6-4F46-9A0E-6332C0C1F9D6}.Debug|x86.Build.0 = Debug|Win32
		{CBEFECE7-53F6-4F46-9A0E-6332C0C1F9D6}.Release|x64.ActiveCfg = Release|x64
		{CBEFECE7-53F6-4F46-9A0E-6332C0C1F9D6}.Release|x64.Build.0 = Release|x64
		{CBEFECE7-53F6-4F46-9A0E-6332C0C1F9D6}.Release|x86.ActiveCfg = Release|Win32
		{CBEFECE7-53F6-4F46-9A0E-6332C0C1F9D6}.Release|x86.Build.0 = Release|Win32
		{83ABD477-9F01-4064-BCAE-07C19CEF4248}.Debug|x64.ActiveCfg = Debug|x64
		{83ABD477-9F01-4064-BCAE-07C19CEF4248}.Debug|x64.Build.0 = Debug|x64
		{83ABD477-9F01-4064-BCAE-07C19CEF4248}.Debug|x86.ActiveCfg = Debug|Win32
		{83ABD477-9F01-4064-BCAE-07C19CEF4248}.Debug|x86.Build.0 = Debug|Win32
		{83ABD477-9F01-4064-BCAE-07C19CEF4248}.Release|x64.ActiveCfg = Release|x64
		{83ABD477-9F01-4064-BCAE-07C19CEF4248}.Release|x64.Build.0 = Release|x64
		{83ABD477-9F01-4064-BCAE-07C19CEF4248}.Release|x86.ActiveCfg = Release|Win32
		{83ABD477-9F01-4064-BCAE-07C19CEF4248}.Release|x86.Build.0 = Release|Win32
		{72211255-C5DF-47BF-87E6-8DDA27D3C97C}.Debug|x64.ActiveCfg = Debug|x64
		{72211255-C5DF-47BF-87E6-8DDA27D3C97C}.Debug|x64.Build.0 = Debug|x64
		{72211255-C5DF-47BF-87E6-8DDA27D3C97C}.Debug|x86.ActiveCfg = Debug|Win32
		{72211255-C5DF-47BF-87E6-8DDA27D3C97C}.Debug|x86.Build.0 = Debug|Win32
		{72211255-C5DF-47BF-87E6-8DDA27D3C97C}.Release|x64.ActiveCfg = Release|x64
		{72211255-C5DF-47BF-87E6-8DDA27D3C97C}.Release|x64.Build.0 = Release|x64
		{72211255-C5DF-47BF-87E6-8DDA27D3C97C}.Release|x86.ActiveCfg = Release|Win32
		{72211255-C5DF-47BF-87E6-8DDA27D3C97C}.Release|x86.Build.0 = Release|Win32
		{86E79795-AB13-4D8A-8781-487E246B21A5}.Debug|x64.ActiveCfg = Debug|x64
		{86E79795-AB13-4D8A-8781-487E246B21A5}.Debug|x64.Build.0 = Debug|x64
		{86E79795-AB13-4D8A-8781-487E246B21A5}.Debug|x86.ActiveCfg = Debug|Win32
		{86E79795-AB13-4D8A-8781-487E246B21A5}.Debug|x86.Build.0 = Debug|Win32
		{86E79795-AB13-4D8A-8781-487E246B21A5}.Release|x64.ActiveCfg = Release|x64
		{86E79795-AB13-4D8A-8781-487E246B21A5}.Release|x64.Build.0 = Release|x64
		{86E79795-AB13-4D8A-8781-487E246B21A5}.Release|x86.ActiveCfg = Release|Win32
		{86E79795-AB13-4D8A-8781-487E246B21A5}.Release|x86.Build.0 = Release|Win32
		{99232305-8D91-48A3-83C2-9681FEB5D4BE}.Debug|x64.ActiveCfg = Debug|x64
		{99232305-8D91-48A3-83C2-9681FEB5D4BE}.Debug|x64.Build.0 = Debug|x64
		{99232305-8D91-48A3-83C2-9681FEB5D4BE}.Debug|x86.ActiveCfg = Debug|Win32
		{99232305-8D91-48A3-83C2-9681FEB5D4BE}.Debug|x86.Build.0 = Debug|Win32
		{99232305-8D91-48A3-83C2-9681FEB5D4BE}.Release|x64.ActiveCfg = Release|x64
		{99232305-8D91-48A3-83C2-9681FEB5D4BE}.Release|x64.Build.0 = Release|x64
		{99232305-8D91-48A3-83C2-9681FEB5D4BE}.Release|x86.ActiveCfg = Release|Win32
		{99232305-8D91-48A3-83C2-9681FEB5D4BE}.Release|x86.Build.0 = Release|Win32
		{A964959A-4521-47B4-88CE-0E6DAB80B6F2}.Debug|x64.ActiveCfg = Debug|x64
		{A964959A-4521-47B4-88CE-0E6DAB80B6F2}.Debug|x64.Build.0 = Debug|x64
		{A964959A-4521-47B4-88CE-0E6DAB80B6F2}.Debug|x86.ActiveCfg = Debug|Win32
		{A964959A-4521-47B4-88CE-0E6DAB80B6F2}.Debug|x86.Build.0 = Debug|Win32
		{A964959A-4521-47B4-88CE-0E6DAB80B6F2}.Release|x64.ActiveCfg = Release|x64
		{A964959A-4521-47B4-88CE-0E6DAB80B6F2}.Release|x64.Build.0 = Release|x64
		{A964959A-4521-47B4-88CE-0E6DAB80B6F2}.Release|x86.ActiveCfg = Release|Win32
		{A964959A-4521-47B4-88CE-0E6DAB80B6F2}.Release|x86.Build.0 = Release|Win32
		{91B858EC-7C17-4C7C-8621-6007B6F39D2C}.Debug|x64.ActiveCfg = Debug|x64
		{91B858EC-7C17-4C7C-8621-6007B6F39D2C}.Debug|x64.Build.0 = Debug|x64
		{91B858EC-7C17-4C7C-8621-6007B6F39D2C}.Debug|x86.ActiveCfg = Debug|Win32
		{91B858EC-7C17-4C7C-8621-6007B6F39D2C}.Debug|x86.Build.0 = Debug|Win32
		{91B858EC-7C17-4C7C-8621-6007B6F39D2C}.Release|x64.ActiveCfg = Release|x64
		{91B858EC-7C17-4C7C-8621-6007B6F39D2C}.Release|x64.Build.0 = Release|x64
		{91B858EC-7C17-4C7C-8621-6007B6F39D2C}.Release|x86.ActiveCfg = Release|Win32
		{91B858EC-7C17-4C7C-8621-6007B6F39D2C}.Release|x86.Build.0 = Release|Win32
		{2CC5152E-5E03-4347-A057-1312937EC29F}.Debug|x64.ActiveCfg = Debug|x64
		{2CC5152E-5E03-4347-A057-1312937EC29F}.Debug|x64.Build.0 = Debug|x64
		{2CC5152E-5E03-4347-A057-1312937EC29F}.Debug|x86.ActiveCfg = Debug|Win32
		{2CC5152E-5E03-4347-A057-1312937EC29F}.Debug|x86.Build.0 = Debug|Win32
		{2CC5152E-5E03-4347-A057-1312937EC29F}.Release|x64.ActiveCfg = Release|x64
		{2CC5152E-5E03-4347-A057-1312937EC29F}.Release|x64.Build.0 = Release|x64
		{2CC5152E-5E03-4347-A057-1312937EC29F}.Release|x86.ActiveCfg = Release|Win32
		{2CC5152E-5E03-4347-A057-1312937EC29F}.Release|x86.Build.0 = Release|Win32
		{2A76B10A-D285-40F7-9B9B-769F479EF0D6}.Debug|x64.ActiveCfg = Debug|x64
		{2A76B10A-D285-40F7-9B9B-769F479EF0D6}.Debug|x64.Build.0 = Debug|x64
		{2A76B10A-D285-40F7-9B9B-769F479EF0D6}.Debug|x86.ActiveCfg = Debug|Win32
		{2A76B10A-D285-40F7-9B9B-769F479EF0D6}.Debug|x86.Build.0 = Debug|Win32
		{2A76B10A-D285-40F7-9B9B-769F479EF0D6}.Release|x64.ActiveCfg = Release|x64
		{2A76B10A-D285-40F7-9B9B-769F479EF0D6}.Release|x64.Build.0 = Release|x64
		{2A76B10A-D285-40F7-9B9B-769F479EF0D6}.Release|x86.ActiveCfg = Release|Win32
		{2A76B10A-D285-40F7-9B9B-769F479EF0D6}.Release|x86.Build.0 = Release|Win32
		{5AAFF539-10C6-4501-B8FF-3F02CDF361AB}.Debug|x64.ActiveCfg = Debug|x64
		{5AAFF539-10C6-4501-B8FF-3F02CDF361AB}.Debug|x64.Build.0 = Debug|x64
		{5AAFF539-10C6-4501-B8FF-3F02CDF361AB}.Debug|x86.ActiveCfg = Debug|Win32
		{5AAFF539-10C6-4501-B8FF-3F02CDF361AB}.Debug|x86.Build.0 = Debug|Win32
		{5AAFF539-10C6-4501-B8FF-3F02CDF361AB}.Release|x64.ActiveCfg = Release|x64
		{5AAFF539-10C6-4501-B8FF-3F02CDF361AB}.Release|x64.Build.0 = Release|x64
		{5AAFF539-10C6-4501-B8FF-3F02CDF361AB}.Release|x86.ActiveCfg = Release|Win32
		{5AAFF539-10C6-4501-B8FF-3F02CDF361AB}.Release|x86.Build.0 = Release|Win32
		{75F68811-C6A0-4269-B436-85B423A93276}.Debug|x64.ActiveCfg = Debug|x64
		{75F68811-C6A0-4269-B436-85B423A93276}.Debug|x64.Build.0 = Debug|x64
		{75F68811-C6A0-4269-B436-85B423A93276}.Debug|x86.ActiveCfg = Debug|Win32
		{75F68811-C6A0-4269-B436-85B423A93276}.Debug|x86.Build.0 = Debug|Win32
		{75F68811-C6A0-4269-B436-85B423A93276}.Release|x64.ActiveCfg = Release|x64
		{75F68811-C6A0-4269-B436-85B423A93276}.Release|x64.Build.0 = Release|x64
		{75F68811-C6A0-4269-B436-85B423A93276}.Release|x86.ActiveCfg = Release|Win32
		{75F68811-C6A0-4269-B436-85B423A93276}.Release|x86.Build.0 = Release|Win32
		{59BDD152-32A7-4EF6-981F-A49B009EF244}.Debug|x64.ActiveCfg = Debug|x64
		{59BDD152-32A7-4EF6-981F-A49B009EF244}.Debug|x64.Build.0 = Debug|x64
		{59BDD152-32A7-4EF6-981F-A49B009EF244}.Debug|x86.ActiveCfg = Debug|Win32
		{59BDD152-32A7-4EF6-981F-A49B009EF244}.Debug|x86.Build.0 = Debug|Win32
		{59BDD152-32A7-4EF6-981F-A49B009EF244}.Release|x64.ActiveCfg = Release|x64
		{59BDD152-32A7-4EF6-981F-A49B009EF244}.Release|x64.Build.0 = Release|x64
		{59BDD152-32A7-4EF6-981F-A49B009EF244}.Release|x86.ActiveCfg = Release|Win32
		{59BDD152-32A7-4EF6-981F-A49B009EF244}.Release|x86.Build.0 = Release|Win32
		{19A6A322-4174-4A79-BE9B-88DE39456043}.Debug|x64.ActiveCfg = Debug|x64
		{19A6A322-4174-4A79-BE9B-88DE39456043}.Debug|x64.Build.0 = Debug|x64
		{19A6A322-4174-4A79-BE9B-88DE39456043}.Debug|x86.ActiveCfg = Debug|Win32
		{19A6A322-4174-4A79-BE9B-88DE39456043}.Debug|x86.Build.0 = Debug|Win32
		{19A6A322-4174-4A79-BE9B-88DE39456043}.Release|x64.ActiveCfg = Release|x64
		{19A6A322-4174-4A79-BE9B-88DE39456043}.Release|x64.Build.0 = Release|x64
		{19A6A322-4174-4A79-BE9B-88DE39456043}.Release|x86.ActiveCfg = Release|Win32
		{19A6A322-4174-4A79-BE9B-88DE39456043}.Release|x86.Build.0 = Release|Win32
		{8D732D68-D6D8-4805-8EB3-D1B009F0CDD5}.Debug|x64.ActiveCfg = Debug|x64
		{8D732D68-D6D8-4805-8EB3-D1B009F0CDD5}.Debug|x64.Build.0 = Debug|x64
		{8D732D68-D6D8-4805-8EB3-D1B009F0CDD5}.Debug|x86.ActiveCfg = Debug|Win32
		{8D732D68-D6D8-4805-8EB3-D1B009F0CDD5}.Debug|x86.Build.0 = Debug|Win32
		{8D732D68-D6D8-4805-8EB3-D1B009F0CDD5}.Release|x64.ActiveCfg = Release|x64
		{8D732D68-D6D8-4805-8EB3-D1B009F0CDD5}.Release|x64.Build.0 = Release|x64
		{8D732D68-D6D8-4805-8EB3-D1B009F0CDD5}.Release|x86.ActiveCfg = Release|Win32
		{8D732D68-D6D8-4805-8EB3-D1B009F0CDD5}.Release|x86.Build.0 = Release|Win32
		{AA13128D-6028-4872-9408-6FC72852C684}.Debug|x64.ActiveCfg = Debug|x64
		{AA13128D-6028-4872-9408-6FC72852C684}.Debug|x64.Build.0 = Debug|x64
		{AA13128D-6028-4872-9408-6FC72852C684}.Debug|x86.ActiveCfg = Debug|Win32
		{AA13128D-6028-4872-9408-6FC72852C684}.Debug|x86.Build.0 = Debug|Win32
		{AA13128D-6028-4872-9408-6FC72852C684}.Release|x64.ActiveCfg = Release|x64
		{AA13128D-6028-4872-9408-6FC72852C684}.Release|x64.Build.0 = Release|x64
		{AA13128D-6028-4872-9408-6FC72852C684}.Release|x86.ActiveCfg = Release|Win32
		{AA13128D-6028-4872-9408-6FC72852C684}.Release|x86.Build.0 = Release|Win32
		{58912DBA-9688-4A08-AA34-7017A5D57F19}.Debug|x64.ActiveCfg = Debug|x64
		{58912DBA-9688-4A08-AA34-7017A5D57F19}.Debug|x64.Build.0 = Debug|x64
		{58912DBA-9688-4A08-AA34-7017A5D57F19}.Debug|x86.ActiveCfg = Debug|Win32
		{58912DBA-9688-4A08-AA34-7017A5D57F19}.Debug|x86.Build.0 = Debug|Win32
		{58912DBA-9688-4A08-AA34-7017A5D57F19}.Release|x64.ActiveCfg = Release|x64
		{58912DBA-9688-4A08-AA34-7017A5D57F19}.Release|x64.Build.0 = Release|x64
		{58912DBA-9688-4A08-AA34-7017A5D57F19}.Release|x86.ActiveCfg = Release|Win32
		{58912DBA-9688-4A08-AA34-7017A5D57F19}.Release|x86.Build.0 = Release|Win32
		{D1266770-EF7A-4BA4-9999-96ADAFBB1B36}.Debug|x64.ActiveCfg = Debug|x64
		{D1266770-EF7A-4BA4-9999-96ADAFBB1B36}.Debug|x64.Build.0 = Debug|x64
		{D1266770-EF7A-4BA4-9999-96ADAFBB1B36}.Debug|x86.ActiveCfg = Debug|Win32
		{D1266770-EF7A-4BA4-9999-96ADAFBB1B36}.Debug|x86.Build.0 = Debug|Win32
		{D1266770-EF7A-4BA4-9999-96ADAFBB1B36}.Release|x64.ActiveCfg = Release|x64
		{D1266770-EF7A-4BA4-9999-96ADAFBB1B36}.Release|x64.Build.0 = Release|x64
		{D1266770-EF7A-4BA4-9999-96ADAFBB1B36}.Release|x86.ActiveCfg = Release|Win32
		{D1266770-EF7A-4BA4-9999-96ADAFBB1B36}.Release|x86.Build.0 = Release|Win32
		{01230F17-1E1B-4C92-B476-93AC1C068451}.Debug|x64.ActiveCfg = Debug|x64
		{01230F17-1E1B-4C92-B476-93AC1C068451}.Debug|x64.Build.0 = Debug|x64
		{01230F17-1E1B-4C92-B476-93AC1C068451}.Debug|x86.ActiveCfg = Debug|Win32
		{01230F17-1E1B-4C92-B476-93AC1C068451}.Debug|x86.Build.0 = Debug|Win32
		{01230F17-1E1B-4C92-B476-93AC1C068451}.Release|x64.ActiveCfg = Release|x64
		{01230F17-1E1B-4C92-B476-93AC1C068451}.Release|x64.Build.0 = Release|x64
		{01230F17-1E1B-4C92-B476-93AC1C068451}.Release|x86.ActiveCfg = Release|Win32
		{01230F17-1E1B-4C92-B476-93AC1C068451}.Release|x86.Build.0 = Release|Win32
		{D57F8D38-B779-4990-91DF-648050809D11}.Debug|x64.ActiveCfg = Debug|x64
		{D57F8D38-B779-4990-91DF-648050809D11}.Debug|x64.Build.0 = Debug|x64
		{D57F8D38-B779-4990-91DF-648050809D11}.Debug|x86.ActiveCfg = Debug|Win32
		{D57F8D38-B779-4990-91DF-648050809D11}.Debug|x86.Build.0 = Debug|Win32
		{D57F8D38-B779-4990-91DF-648050809D11}.Release|x64.ActiveCfg = Release|x64
		{D57F8D38-B779-4990-91DF-648050809D11}.Release|x64.Build.0 = Release|x64
		{D57F8D38-B779-4990-91DF-648050809D11}.Release|x86.ActiveCfg = Release|Win32
		{D57F8D38-B779-4990-91DF-648050809D11}.Release|x86.Build.0 = Release|Win32
		{3C839D42-CC3E-4D14-A6E5-81C1144DC3AC}.Debug|x64.ActiveCfg = Debug|x64
		{3C839D42-CC3E-4D14-A6E5-81C1144DC3AC}.Debug|x64.Build.0 = Debug|x64
		{3C839D42-CC3E-4D14-A6E5-81C1144DC3AC}.Debug|x86.ActiveCfg = Debug|Win32
		{3C839D42-CC3E-4D14-A6E5-81C1144DC3AC}.Debug|x86.Build.0 = Debug|Win32
		{3C839D42-CC3E-4D14-A6E5-81C1144DC3AC}.Release|x64.ActiveCfg = Release|x64
		{3C839D42-CC3E-4D14-A6E5-81C1144DC3AC}.Release|x64.Build.0 = Release|x64
		{3C839D42-CC3E-4D14-A6E5-81C1144DC3AC}.Release|x86.ActiveCfg = Release|Win32
		{3C839D42-CC3E-4D14-A6E5-81C1144DC3AC}.Release|x86.Build.0 = Release|Win32
		{CCF09A81-C20C-45F7-A078-B237700045D4}.Debug|x64.ActiveCfg = Debug|x64
		{CCF09A81-C20C-45F7-A078-B237700045D4}.Debug|x64.Build.0 = Debug|x64
		{CCF09A81-C20C-45F7-A078-B237700045D4}.Debug|x86.ActiveCfg = Debug|Win32
		{CCF09A81-C20C-45F7-A078-B237700045D4}.Debug|x86.Build.0 = Debug|Win32
		{CCF09A81-C20C-45F7-A078-B237700045D4}.Release|x64.ActiveCfg = Release|x64
		{CCF09A81-C20C-45F7-A078-B237700045D4}.Release|x64.Build.0 = Release|x64
		{CCF09A81-C20C-45F7-A078-B237700045D4}.Release|x86.ActiveCfg = Release|Win32
		{CCF09A81-C20C-45F7-A078-B237700045D4}.Release|x86.Build.0 = Release|Win32
		{3C9A4C22-2F9F-4EA4-84D5-18A622BF9AB4}.Debug|x64.ActiveCfg = Debug|x64
		{3C9A4C22-2F9F-4EA4-84D5-18A622BF9AB4}.Debug|x64.Build.0 = Debug|x64
		{3C9A4C22-2F9F-4EA4-84D5-18A622BF9AB4}.Debug|x86.ActiveCfg = Debug|Win32
		{3C9A4C22-2F9F-4EA4-84D5-18A622BF9AB4}.Debug|x86.Build.0 = Debug|Win32
		{3C9A4C22-2F9F-4EA4-84D5-18A622BF9AB4}.Release|x64.ActiveCfg = Release|x64
		{3C9A4C22-2F9F-4EA4-84D5-18A622BF9AB4}.Release|x64.Build.0 = Release|x64
		{3C9A4C22-2F9F-4EA4-84D5-18A622BF9AB4}.Release|x86.ActiveCfg = Release|Win32
		{3C9A4C22-2F9F-4EA4-84D5-18A622BF9AB4}.Release|x86.Build.0 = Release|Win32
		{90D6A37A-F59B-4474-ADB7-EA933BAAAA7F}.Debug|x64.ActiveCfg = Debug|x64
		{90D6A37A-F59B-4474-ADB7-EA933BAAAA7F}.Debug|x64.Build.0 = Debug|x64
		{90D6A37A-F59B-4474-ADB7-EA933BAAAA7F}.Debug|x86.ActiveCfg = Debug|Win32
		{90D6A37A-F59B-4474-ADB7-EA933BAAAA7F}.Debug|x86.Build.0 = Debug|Win32
		{90D6A37A-F59B-4474-ADB7-EA933BAAAA7F}.Release|x64.ActiveCfg = Release|x64
		{90D6A37A-F59B-4474-ADB7-EA933BAAAA7F}.Release|x64.Build.0 = Release|x64
		{90D6A37A-F59B-4474-ADB7-EA933BAAAA7F}.Release|x86.ActiveCfg = Release|Win32
		{90D6A37A-F59B-4474-ADB7-EA933BAAAA7F}.Release|x86.Build.0 = Release|Win32
		{919C9E96-773B-44E0-B8A8-3C9F98FEAE63}.Debug|x64.ActiveCfg = Debug|x64
		{919C9E96-773B-44E0-B8A8-3C9F98FEAE63}.Debug|x64.Build.0 = Debug|x64
		{919C9E96-773B-44E0-B8A8-3C9F98FEAE63}.Debug|x86.ActiveCfg = Debug|Win32
		{919C9E96-773B-44E0-B8A8-3C9F98FEAE63}.Debug|x86.Build.0 = Debug|Win32
		{919C9E96-773B-44E0-B8A8-3C9F98FEAE63}.Release|x64.ActiveCfg = Release|x64
		{919C9E96-773B-44E0-B8A8-3C9F98FEAE63}.Release|x64.Build.0 = Release|x64
		{919C9E96-773B-44E0-B8A8-3C9F98FEAE63}.Release|x86.ActiveCfg = Release|Win32
		{919C9E96-773B-44E0-B8A8-3C9F98FEAE63}.Release|x86.Build.0 = Release|Win32
		{75CB3B4E-9A2E-45EC-862D-68F21C57A0E6}.Debug|x64.ActiveCfg = Debug|x64
		{75CB3B4E-9A2E-45EC-862D-68F21C57A0E6}.Debug|x64.Build.0 = Debug|x64
		{75CB3B4E-9A2E-45EC-862D-68F21C57A0E6}.Debug|x86.ActiveCfg = Debug|Win32
		{75CB3B4E-9A2E-45EC-862D-68F21C57A0E6}.Debug|x86.Build.0 = Debug|Win32
		{75CB3B4E-9A2E-45EC-862D-68F21C57A0E6}.Release|x64.ActiveCfg = Release|x64
		{75CB3B4E-9A2E-45EC-862D-68F21C57A0E6}.Release|x64.Build.0 = Release|x64
		{75CB3B4E-9A2E-45EC-862D-68F21C57A0E6}.Release|x86.ActiveCfg = Release|Win32
		{75CB3B4E-9A2E-45EC-862D-68F21C57A0E6}.Release|x86.Build.0 = Release|Win32
		{7271921B-4310-483C-81C8-435B9F5D7439}.Debug|x64.ActiveCfg = Debug|x64
		{7271921B-4310-483C-81C8-435B9F5D7439}.Debug|x64.Build.0 = Debug|x64
		{7271921B-4310-483C-81C8-435B9F5D7439}.Debug|x86.ActiveCfg = Debug|Win32
		{7271921B-4310-483C-81C8-435B9F5D7439}.Debug|x86.Build.0 = Debug|Win32
		{7271921B-4310-483C-81C8-435B9F5D7439}.Release|x64.ActiveCfg = Release|x64
		{7271921B-4310-483C-81C8-435B9F5D7439}.Release|x64.Build.0 = Release|x64
		{7271921B-4310-483C-81C8-435B9F5D7439}.Release|x86.ActiveCfg = Release|Win32
		{7271921B-4310-483C-81C8-435B9F5D7439}.Release|x86.Build.0 = Release|Win32
		{C0D96E55-7A8E-4508-A2DA-4440E6951A05}.Debug|x64.ActiveCfg = Debug|x64
		{C0D96E55-7A8E-4508-A2DA-4440E6951A05}.Debug|x64.Build.0 = Debug|x64
		{C0D96E55-7A8E-4508-A2DA-4440E6951A05}.Debug|x86.ActiveCfg = Debug|Win32
		{C0D96E55-7A8E-4508-A2DA-4440E6951A05}.Debug|x86.Build.0 = Debug|Win32
		{C0D96E55-7A8E-4508-A2DA-4440E6951A05}.Release|x64.ActiveCfg = Release|x64
		{C0D96E55-7A8E-4508-A2DA-4440E6951A05}.Release|x64.Build.0 = Release|x64
		{C0D96E55-7A8E-4508-A2DA-4440E6951A05}.Release|x86.ActiveCfg = Release|Win32
		{C0D96E55-7A8E-4508-A2DA-4440E6951A05}.Release|x86.Build.0 = Release|Win32
		{BAF4CAA3-8809-4B06-BD13-D5342C184CF0}.Debug|x64.ActiveCfg = Debug|x64
		{BAF4CAA3-8809-4B06-BD13-D5342C184CF0}.Debug|x64.Build.0 = Debug|x64
		{BAF4CAA3-8809-4B06-BD13-D5342C184CF0}.Debug|x86.ActiveCfg = Debug|Win32
		{BAF4CAA3-8809-4B06-BD13-D5342C184CF0}.Debug|x86.Build.0 = Debug|Win32
		{BAF4CAA3-8809-4B06-BD13-D5342C184CF0}.Release|x64.ActiveCfg = Release|x64
		{BAF4CAA3-8809-4B06-BD13-D5342C184CF0}.Release|x64.Build.0 = Release|x64
		{BAF4CAA3-8809-4B06-BD13-D5342C184CF0}.Release|x86.ActiveCfg = Release|Win32
		{BAF4CAA3-8809-4B06-BD13-D5342C184CF0}.Release|x86.Build.0 = Release|Win32
		{7E80E175-EDEB-4186-8F3A-C77FBF88CB4D}.Debug|x64.ActiveCfg = Debug|x64
		{7E80E175-EDEB-4186-8F3A-C77FBF88CB4D}.Debug|x64.Build.0 = Debug|x64
		{7E80E175-EDEB-4186-8F3A-C77FBF88CB4D}.Debug|x86.ActiveCfg = Debug|Win32
		{7E80E175-EDEB-4186-8F3A-C77FBF88CB4D}.Debug|x86.Build.0 = Debug|Win32
		{7E80E175-EDEB-4186-8F3A-C77FBF88CB4D}.Release|x64.ActiveCfg = Release|x64
		{7E80E175-EDEB-4186-8F3A-C77FBF88CB4D}.Release|x64.Build.0 = Release|x64
		{7E80E175-EDEB-4186-8F3A-C77FBF88CB4D}.Release|x86.ActiveCfg = Release|Win32
		{7E80E175-EDEB-4186-8F3A-C77FBF88CB4D}.Release|x86.Build.0 = Release|Win32
		{E968F0F8-D00A-4D64-8B2D-11917C089F0D}.Debug|x64.ActiveCfg = Debug|x64
		{E968F0F8-D00A-4D64-8B2D-11917C089F0D}.Debug|x64.Build.0 = Debug|x64
		{E968F0F8-D00A-4D64-8B2D-11917C089F0D}.Debug|x86.ActiveCfg = Debug|Win32
		{E968F0F8-D00A-4D64-8B2D-11917C089F0D}.Debug|x86.Build.0 = Debug|Win32
		{E968F0F8-D00A-4D64-8B2D-11917C089F0D}.Release|x64.ActiveCfg = Release|x64
		{E968F0F8-D00A-4D64-8B2D-11917C089F0D}.Release|x64.Build.0 = Release|x64
		{E968F0F8-D00A-4D64-8B2D-11917C089F0D}.Release|x86.ActiveCfg = Release|Win32
		{E968F0F8-D00A-4D64-8B2D-11917C089F0D}.Release|x86.Build.0 = Release|Win32
	EndGlobalSection
	GlobalSection(SolutionProperties) = preSolution
		HideSolutionNode = FALSE
	EndGlobalSection
	GlobalSection(ExtensibilityGlobals) = postSolution
		SolutionGuid = {98273763-AACE-4857-9E2B-B3CFB4599829}
	EndGlobalSection
EndGlobal
